
Microsoft Visual Studio Solution File, Format Version 12.00
# Visual Studio Version 16
VisualStudioVersion = 16.0.31424.327
MinimumVisualStudioVersion = 10.0.40219.1
Project("{FAE04EC0-301F-11D3-BF4B-00C04F79EFBC}") = "ClientReservasi", "ClientReservasi\ClientReservasi.csproj", "{AA24E3D9-F817-46B1-9384-A75A36D76241}"
EndProject
Global
	GlobalSection(SolutionConfigurationPlatforms) = preSolution
		Debug|Any CPU = Debug|Any CPU
		Release|Any CPU = Release|Any CPU
	EndGlobalSection
	GlobalSection(ProjectConfigurationPlatforms) = postSolution
		{AA24E3D9-F817-46B1-9384-A75A36D76241}.Debug|Any CPU.ActiveCfg = Debug|Any CPU
		{AA24E3D9-F817-46B1-9384-A75A36D76241}.Debug|Any CPU.Build.0 = Debug|Any CPU
		{AA24E3D9-F817-46B1-9384-A75A36D76241}.Release|Any CPU.ActiveCfg = Release|Any CPU
		{AA24E3D9-F817-46B1-9384-A75A36D76241}.Release|Any CPU.Build.0 = Release|Any CPU
	EndGlobalSection
	GlobalSection(SolutionProperties) = preSolution
		HideSolutionNode = FALSE
	EndGlobalSection
	GlobalSection(ExtensibilityGlobals) = postSolution
		SolutionGuid = {95B313EA-7316-4F61-AC69-188485CE7D89}
	EndGlobalSection
EndGlobal
